
Microsoft Visual Studio Solution File, Format Version 12.00
# Visual Studio Version 17
VisualStudioVersion = 17.12.35527.113 d17.12
MinimumVisualStudioVersion = 10.0.40219.1
Project("{FAE04EC0-301F-11D3-BF4B-00C04F79EFBC}") = "BogsyProject", "BogsyProject\BogsyProject.csproj", "{1DD6261A-A36B-428C-A8B8-3540293F7C14}"
EndProject
Global
	GlobalSection(SolutionConfigurationPlatforms) = preSolution
		Debug|Any CPU = Debug|Any CPU
		Release|Any CPU = Release|Any CPU
	EndGlobalSection
	GlobalSection(ProjectConfigurationPlatforms) = postSolution
		{1DD6261A-A36B-428C-A8B8-3540293F7C14}.Debug|Any CPU.ActiveCfg = Debug|Any CPU
		{1DD6261A-A36B-428C-A8B8-3540293F7C14}.Debug|Any CPU.Build.0 = Debug|Any CPU
		{1DD6261A-A36B-428C-A8B8-3540293F7C14}.Release|Any CPU.ActiveCfg = Release|Any CPU
		{1DD6261A-A36B-428C-A8B8-3540293F7C14}.Release|Any CPU.Build.0 = Release|Any CPU
	EndGlobalSection
	GlobalSection(SolutionProperties) = preSolution
		HideSolutionNode = FALSE
	EndGlobalSection
EndGlobal
